
Microsoft Visual Studio Solution File, Format Version 12.00
# Visual Studio 15
VisualStudioVersion = 15.0.28010.2048
MinimumVisualStudioVersion = 10.0.40219.1
Project("{888888A0-9F3D-457C-B088-3A5042F75D52}") = "auth_bot", "Sergaljerk Mod\auth_bot.pyproj", "{B5B68568-974F-462B-A542-AC803CBCA5FC}"
EndProject
Global
	GlobalSection(SolutionConfigurationPlatforms) = preSolution
		Debug|Any CPU = Debug|Any CPU
		Release|Any CPU = Release|Any CPU
	EndGlobalSection
	GlobalSection(ProjectConfigurationPlatforms) = postSolution
		{B5B68568-974F-462B-A542-AC803CBCA5FC}.Debug|Any CPU.ActiveCfg = Debug|Any CPU
		{B5B68568-974F-462B-A542-AC803CBCA5FC}.Release|Any CPU.ActiveCfg = Release|Any CPU
	EndGlobalSection
	GlobalSection(SolutionProperties) = preSolution
		HideSolutionNode = FALSE
	EndGlobalSection
	GlobalSection(ExtensibilityGlobals) = postSolution
		SolutionGuid = {C9821CEC-7B11-499C-83A3-6475318C8F8F}
	EndGlobalSection
EndGlobal
